version: 1.0
shards:
  any_hash:
    github: Sija/any_hash.cr
    version: 0.2.2

  db:
    github: crystal-lang/crystal-db
    version: 0.5.1

  gitlab:
    github: icyleaf/gitlab.cr
    version: 0.4.0

  granite:
    github: amberframework/granite
    version: 0.15.0

  halite:
    github: icyleaf/halite
    version: 0.7.5

  mime:
    github: icyleaf/mime.cr
    version: 0.1.0

  pool:
    github: ysbaddaden/pool
    version: 0.2.3

  popcorn:
    github: icyleaf/popcorn
    version: 0.2.1

  radix:
    github: luislavena/radix
    version: 0.3.8

  raven:
    github: Sija/raven.cr
    version: 1.1.0

  redis:
    github: stefanwille/crystal-redis
    version: 2.1.1

  salt:
    github: icyleaf/salt
    version: 0.4.4

  sidekiq:
    github: icyleaf/sidekiq.cr
    commit: dfc11f6528b0fd62b68700a7f1d06a553d7b5917

  sqlite3:
    github: crystal-lang/crystal-sqlite3
    version: 0.10.0

  terminal:
    github: icyleaf/terminal
    version: 0.2.1

  totem:
    github: icyleaf/totem
    commit: 8a8d83d2922ac7308f86c4780726dcd964e0298f

