version: 1.0
shards:
  any_hash:
    github: Sija/any_hash.cr
    version: 0.2.2

  db:
    github: crystal-lang/crystal-db
    version: 0.5.1

  exception_page:
    github: crystal-loot/exception_page
    version: 0.1.1

  gitlab:
    github: icyleaf/gitlab.cr
    version: 0.4.0

  granite:
    github: amberframework/granite
    version: 0.15.0

  halite:
    github: icyleaf/halite
    version: 0.8.0

  kemal:
    github: kemalcr/kemal
    version: 0.25.1

  kemal-basic-auth:
    github: kemalcr/kemal-basic-auth
    commit: 9aafb21c90b2da3063d075bc1d98ffa9e9e36f83

  kilt:
    github: jeromegn/kilt
    version: 0.4.0

  pool:
    github: ysbaddaden/pool
    version: 0.2.3

  popcorn:
    github: icyleaf/popcorn
    version: 0.2.1

  radix:
    github: luislavena/radix
    version: 0.3.8

  raven:
    github: Sija/raven.cr
    version: 1.1.0

  redis:
    github: stefanwille/crystal-redis
    version: 2.1.1

  sidekiq:
    github: icyleaf/sidekiq.cr
    commit: a74ec5a824a767039cde946f86575a4c44f8f98b

  sqlite3:
    github: crystal-lang/crystal-sqlite3
    version: 0.10.0

  terminal:
    github: icyleaf/terminal
    version: 0.3.1

  totem:
    github: icyleaf/totem
    commit: 1cac54921714e245e300e4e061a5744c40647b5c

