version: 1.0
shards:
  faktory_worker:
    github: calebuharrison/faktory.cr
    commit: de888f661acf7fa23d80fcff5960c5ac1bd03968

  gitlab:
    github: icyleaf/gitlab.cr
    version: 0.3.3

  halite:
    github: icyleaf/halite
    version: 0.3.1

  kemal:
    github: kemalcr/kemal
    version: 0.22.0

  kemal-basic-auth:
    github: kemalcr/kemal-basic-auth
    version: 0.2.0

  kilt:
    github: jeromegn/kilt
    version: 0.4.0

  radix:
    github: luislavena/radix
    version: 0.3.8

